
Microsoft Visual Studio Solution File, Format Version 12.00
Project("{FAE04EC0-301F-11D3-BF4B-00C04F79EFBC}") = "SmartCardReaderTest", "SmartCardReaderTest\SmartCardReaderTest.csproj", "{1E602ED0-A9CD-43D3-B21D-949B825D2ADA}"
EndProject
Global
	GlobalSection(SolutionConfigurationPlatforms) = preSolution
		Debug|Any CPU = Debug|Any CPU
		Release|Any CPU = Release|Any CPU
	EndGlobalSection
	GlobalSection(ProjectConfigurationPlatforms) = postSolution
		{1E602ED0-A9CD-43D3-B21D-949B825D2ADA}.Debug|Any CPU.ActiveCfg = Debug|Any CPU
		{1E602ED0-A9CD-43D3-B21D-949B825D2ADA}.Debug|Any CPU.Build.0 = Debug|Any CPU
		{1E602ED0-A9CD-43D3-B21D-949B825D2ADA}.Release|Any CPU.ActiveCfg = Release|Any CPU
		{1E602ED0-A9CD-43D3-B21D-949B825D2ADA}.Release|Any CPU.Build.0 = Release|Any CPU
	EndGlobalSection
EndGlobal
